
Microsoft Visual Studio Solution File, Format Version 12.00
# Visual Studio Version 17
VisualStudioVersion = 17.14.36109.1 d17.14
MinimumVisualStudioVersion = 10.0.40219.1
Project("{FAE04EC0-301F-11D3-BF4B-00C04F79EFBC}") = "CP2C#SD", "CP2C#SD\CP2C#SD.csproj", "{F1C5818E-FF81-4560-ACE4-7F4246F94449}"
EndProject
Global
	GlobalSection(SolutionConfigurationPlatforms) = preSolution
		Debug|Any CPU = Debug|Any CPU
		Release|Any CPU = Release|Any CPU
	EndGlobalSection
	GlobalSection(ProjectConfigurationPlatforms) = postSolution
		{F1C5818E-FF81-4560-ACE4-7F4246F94449}.Debug|Any CPU.ActiveCfg = Debug|Any CPU
		{F1C5818E-FF81-4560-ACE4-7F4246F94449}.Debug|Any CPU.Build.0 = Debug|Any CPU
		{F1C5818E-FF81-4560-ACE4-7F4246F94449}.Release|Any CPU.ActiveCfg = Release|Any CPU
		{F1C5818E-FF81-4560-ACE4-7F4246F94449}.Release|Any CPU.Build.0 = Release|Any CPU
	EndGlobalSection
	GlobalSection(SolutionProperties) = preSolution
		HideSolutionNode = FALSE
	EndGlobalSection
	GlobalSection(ExtensibilityGlobals) = postSolution
		SolutionGuid = {7258BA13-8741-4A73-A41E-54EB0BFEAA59}
	EndGlobalSection
EndGlobal
